
Microsoft Visual Studio Solution File, Format Version 12.00
# Visual Studio Version 16
VisualStudioVersion = 16.0.30804.86
MinimumVisualStudioVersion = 10.0.40219.1
Project("{FAE04EC0-301F-11D3-BF4B-00C04F79EFBC}") = "DynoLTSLauncher", "DynoLTSLauncher.csproj", "{A2C2F07D-D317-41D6-B355-0506A7334968}"
EndProject
Global
	GlobalSection(SolutionConfigurationPlatforms) = preSolution
		Debug|Any CPU = Debug|Any CPU
		Release|Any CPU = Release|Any CPU
	EndGlobalSection
	GlobalSection(ProjectConfigurationPlatforms) = postSolution
		{A2C2F07D-D317-41D6-B355-0506A7334968}.Debug|Any CPU.ActiveCfg = Debug|Any CPU
		{A2C2F07D-D317-41D6-B355-0506A7334968}.Debug|Any CPU.Build.0 = Debug|Any CPU
		{A2C2F07D-D317-41D6-B355-0506A7334968}.Release|Any CPU.ActiveCfg = Release|Any CPU
		{A2C2F07D-D317-41D6-B355-0506A7334968}.Release|Any CPU.Build.0 = Release|Any CPU
	EndGlobalSection
	GlobalSection(SolutionProperties) = preSolution
		HideSolutionNode = FALSE
	EndGlobalSection
	GlobalSection(ExtensibilityGlobals) = postSolution
		SolutionGuid = {414CFCA7-CF05-4D44-85B0-677728F529B0}
	EndGlobalSection
EndGlobal
